
Microsoft Visual Studio Solution File, Format Version 12.00
Project("{2150E333-8FDC-42A3-9474-1A3956D46DE8}") = "src", "src", "{D4A51479-409B-4CEA-B706-1BDA8AABC466}"
EndProject
Project("{FAE04EC0-301F-11D3-BF4B-00C04F79EFBC}") = "Presentation", "back\src\Presentation\Presentation.csproj", "{4AC8B586-7F94-46A2-AE07-54DA925D4964}"
EndProject
Project("{FAE04EC0-301F-11D3-BF4B-00C04F79EFBC}") = "Application", "back\src\Application\Application.csproj", "{851D2FB4-0A26-40CB-A8C6-F7A7EFDA9FA3}"
EndProject
Project("{FAE04EC0-301F-11D3-BF4B-00C04F79EFBC}") = "Domain", "back\src\Domain\Domain.csproj", "{4D94AC9A-B2AF-4E32-A142-6FF97076EDE6}"
EndProject
Project("{FAE04EC0-301F-11D3-BF4B-00C04F79EFBC}") = "Infrastructure", "back\src\Infrastructure\Infrastructure.csproj", "{82DFC209-69FE-46ED-9BE0-5D605A294E66}"
EndProject
Global
	GlobalSection(SolutionConfigurationPlatforms) = preSolution
		Debug|Any CPU = Debug|Any CPU
		Release|Any CPU = Release|Any CPU
	EndGlobalSection
	GlobalSection(NestedProjects) = preSolution
		{4AC8B586-7F94-46A2-AE07-54DA925D4964} = {D4A51479-409B-4CEA-B706-1BDA8AABC466}
		{851D2FB4-0A26-40CB-A8C6-F7A7EFDA9FA3} = {D4A51479-409B-4CEA-B706-1BDA8AABC466}
		{4D94AC9A-B2AF-4E32-A142-6FF97076EDE6} = {D4A51479-409B-4CEA-B706-1BDA8AABC466}
		{82DFC209-69FE-46ED-9BE0-5D605A294E66} = {D4A51479-409B-4CEA-B706-1BDA8AABC466}
	EndGlobalSection
	GlobalSection(ProjectConfigurationPlatforms) = postSolution
		{4AC8B586-7F94-46A2-AE07-54DA925D4964}.Debug|Any CPU.ActiveCfg = Debug|Any CPU
		{4AC8B586-7F94-46A2-AE07-54DA925D4964}.Debug|Any CPU.Build.0 = Debug|Any CPU
		{4AC8B586-7F94-46A2-AE07-54DA925D4964}.Release|Any CPU.ActiveCfg = Release|Any CPU
		{4AC8B586-7F94-46A2-AE07-54DA925D4964}.Release|Any CPU.Build.0 = Release|Any CPU
		{851D2FB4-0A26-40CB-A8C6-F7A7EFDA9FA3}.Debug|Any CPU.ActiveCfg = Debug|Any CPU
		{851D2FB4-0A26-40CB-A8C6-F7A7EFDA9FA3}.Debug|Any CPU.Build.0 = Debug|Any CPU
		{851D2FB4-0A26-40CB-A8C6-F7A7EFDA9FA3}.Release|Any CPU.ActiveCfg = Release|Any CPU
		{851D2FB4-0A26-40CB-A8C6-F7A7EFDA9FA3}.Release|Any CPU.Build.0 = Release|Any CPU
		{4D94AC9A-B2AF-4E32-A142-6FF97076EDE6}.Debug|Any CPU.ActiveCfg = Debug|Any CPU
		{4D94AC9A-B2AF-4E32-A142-6FF97076EDE6}.Debug|Any CPU.Build.0 = Debug|Any CPU
		{4D94AC9A-B2AF-4E32-A142-6FF97076EDE6}.Release|Any CPU.ActiveCfg = Release|Any CPU
		{4D94AC9A-B2AF-4E32-A142-6FF97076EDE6}.Release|Any CPU.Build.0 = Release|Any CPU
		{82DFC209-69FE-46ED-9BE0-5D605A294E66}.Debug|Any CPU.ActiveCfg = Debug|Any CPU
		{82DFC209-69FE-46ED-9BE0-5D605A294E66}.Debug|Any CPU.Build.0 = Debug|Any CPU
		{82DFC209-69FE-46ED-9BE0-5D605A294E66}.Release|Any CPU.ActiveCfg = Release|Any CPU
		{82DFC209-69FE-46ED-9BE0-5D605A294E66}.Release|Any CPU.Build.0 = Release|Any CPU
	EndGlobalSection
EndGlobal
